
Microsoft Visual Studio Solution File, Format Version 12.00
# Visual Studio Version 17
VisualStudioVersion = 17.9.34622.214
MinimumVisualStudioVersion = 10.0.40219.1
Project("{8BC9CEB8-8B4A-11D0-8D11-00A0C91BC942}") = "Function", "Function\Function.vcxproj", "{931255ED-D8F7-459B-8AB1-5BE34ACA445A}"
EndProject
Global
	GlobalSection(SolutionConfigurationPlatforms) = preSolution
		Debug|x64 = Debug|x64
		Debug|x86 = Debug|x86
		Release|x64 = Release|x64
		Release|x86 = Release|x86
	EndGlobalSection
	GlobalSection(ProjectConfigurationPlatforms) = postSolution
		{931255ED-D8F7-459B-8AB1-5BE34ACA445A}.Debug|x64.ActiveCfg = Debug|x64
		{931255ED-D8F7-459B-8AB1-5BE34ACA445A}.Debug|x64.Build.0 = Debug|x64
		{931255ED-D8F7-459B-8AB1-5BE34ACA445A}.Debug|x86.ActiveCfg = Debug|Win32
		{931255ED-D8F7-459B-8AB1-5BE34ACA445A}.Debug|x86.Build.0 = Debug|Win32
		{931255ED-D8F7-459B-8AB1-5BE34ACA445A}.Release|x64.ActiveCfg = Release|x64
		{931255ED-D8F7-459B-8AB1-5BE34ACA445A}.Release|x64.Build.0 = Release|x64
		{931255ED-D8F7-459B-8AB1-5BE34ACA445A}.Release|x86.ActiveCfg = Release|Win32
		{931255ED-D8F7-459B-8AB1-5BE34ACA445A}.Release|x86.Build.0 = Release|Win32
	EndGlobalSection
	GlobalSection(SolutionProperties) = preSolution
		HideSolutionNode = FALSE
	EndGlobalSection
	GlobalSection(ExtensibilityGlobals) = postSolution
		SolutionGuid = {E6713813-F005-486E-9E7E-2D6FD0AE297E}
	EndGlobalSection
EndGlobal
